# This file is automatically @generated by Cargo.
# It is not intended for manual editing.
version = 3

[[package]]
name = "anyhow"
version = "1.0.46"
source = "registry+https://github.com/rust-lang/crates.io-index"
checksum = "3aa828229c44c0293dd7d4d2300bdfc4d2883ffdba934c069a6b968957a81f70"

[[package]]
name = "autocfg"
version = "1.0.1"
source = "registry+https://github.com/rust-lang/crates.io-index"
checksum = "cdb031dd78e28731d87d56cc8ffef4a8f36ca26c38fe2de700543e627f8a464a"

[[package]]
name = "bitvec"
version = "0.22.3"
source = "registry+https://github.com/rust-lang/crates.io-index"
checksum = "5237f00a8c86130a0cc317830e558b966dd7850d48a953d998c813f01a41b527"
dependencies = [
 "funty",
 "radium",
 "tap",
 "wyz",
]

[[package]]
name = "cfg-if"
version = "1.0.0"
source = "registry+https://github.com/rust-lang/crates.io-index"
checksum = "baf1de4339761588bc0619e3cbc0120ee582ebb74b53b4efbf79117bd2da40fd"

[[package]]
name = "darling"
version = "0.13.0"
source = "registry+https://github.com/rust-lang/crates.io-index"
checksum = "757c0ded2af11d8e739c4daea1ac623dd1624b06c844cf3f5a39f1bdbd99bb12"
dependencies = [
 "darling_core",
 "darling_macro",
]

[[package]]
name = "darling_core"
version = "0.13.0"
source = "registry+https://github.com/rust-lang/crates.io-index"
checksum = "2c34d8efb62d0c2d7f60ece80f75e5c63c1588ba68032740494b0b9a996466e3"
dependencies = [
 "fnv",
 "ident_case",
 "proc-macro2",
 "quote",
 "strsim",
 "syn",
]

[[package]]
name = "darling_macro"
version = "0.13.0"
source = "registry+https://github.com/rust-lang/crates.io-index"
checksum = "ade7bff147130fe5e6d39f089c6bd49ec0250f35d70b2eebf72afdfc919f15cc"
dependencies = [
 "darling_core",
 "quote",
 "syn",
]

[[package]]
name = "deku"
version = "0.12.5"
source = "registry+https://github.com/rust-lang/crates.io-index"
checksum = "6636cb8b0811013ab93bc37b88b460ca637ce3bdc97fb68ca79d7d7df4f16cba"
dependencies = [
 "bitvec",
 "deku_derive",
]

[[package]]
name = "deku_derive"
version = "0.12.4"
source = "registry+https://github.com/rust-lang/crates.io-index"
checksum = "48c9dcf8067fe6e8dcef6b1c785db36d271efe30ec4299c765e482d2a6043797"
dependencies = [
 "darling",
 "proc-macro-crate",
 "proc-macro2",
 "quote",
 "syn",
]

[[package]]
name = "either"
version = "1.6.1"
source = "registry+https://github.com/rust-lang/crates.io-index"
checksum = "e78d4f1cc4ae33bbfc157ed5d5a5ef3bc29227303d595861deb238fcec4e9457"

[[package]]
name = "fnv"
version = "1.0.7"
source = "registry+https://github.com/rust-lang/crates.io-index"
checksum = "3f9eec918d3f24069decb9af1554cad7c880e2da24a9afd88aca000531ab82c1"

[[package]]
name = "funty"
version = "1.2.0"
source = "registry+https://github.com/rust-lang/crates.io-index"
checksum = "1847abb9cb65d566acd5942e94aea9c8f547ad02c98e1649326fc0e8910b8b1e"

[[package]]
name = "getrandom"
version = "0.2.3"
source = "registry+https://github.com/rust-lang/crates.io-index"
checksum = "7fcd999463524c52659517fe2cea98493cfe485d10565e7b0fb07dbba7ad2753"
dependencies = [
 "cfg-if",
 "libc",
 "wasi",
]

[[package]]
name = "ident_case"
version = "1.0.1"
source = "registry+https://github.com/rust-lang/crates.io-index"
checksum = "b9e0384b61958566e926dc50660321d12159025e767c18e043daf26b70104c39"

[[package]]
name = "itertools"
version = "0.10.1"
source = "registry+https://github.com/rust-lang/crates.io-index"
checksum = "69ddb889f9d0d08a67338271fa9b62996bc788c7796a5c18cf057420aaed5eaf"
dependencies = [
 "either",
]

[[package]]
name = "libc"
version = "0.2.105"
source = "registry+https://github.com/rust-lang/crates.io-index"
checksum = "869d572136620d55835903746bcb5cdc54cb2851fd0aeec53220b4bb65ef3013"

[[package]]
name = "multiformat"
version = "0.1.0"
dependencies = [
 "anyhow",
 "bitvec",
 "deku",
 "itertools",
 "num",
 "rand",
]

[[package]]
name = "num"
version = "0.4.0"
source = "registry+https://github.com/rust-lang/crates.io-index"
checksum = "43db66d1170d347f9a065114077f7dccb00c1b9478c89384490a3425279a4606"
dependencies = [
 "num-bigint",
 "num-complex",
 "num-integer",
 "num-iter",
 "num-rational",
 "num-traits",
]

[[package]]
name = "num-bigint"
version = "0.4.2"
source = "registry+https://github.com/rust-lang/crates.io-index"
checksum = "74e768dff5fb39a41b3bcd30bb25cf989706c90d028d1ad71971987aa309d535"
dependencies = [
 "autocfg",
 "num-integer",
 "num-traits",
]

[[package]]
name = "num-complex"
version = "0.4.0"
source = "registry+https://github.com/rust-lang/crates.io-index"
checksum = "26873667bbbb7c5182d4a37c1add32cdf09f841af72da53318fdb81543c15085"
dependencies = [
 "num-traits",
]

[[package]]
name = "num-integer"
version = "0.1.44"
source = "registry+https://github.com/rust-lang/crates.io-index"
checksum = "d2cc698a63b549a70bc047073d2949cce27cd1c7b0a4a862d08a8031bc2801db"
dependencies = [
 "autocfg",
 "num-traits",
]

[[package]]
name = "num-iter"
version = "0.1.42"
source = "registry+https://github.com/rust-lang/crates.io-index"
checksum = "b2021c8337a54d21aca0d59a92577a029af9431cb59b909b03252b9c164fad59"
dependencies = [
 "autocfg",
 "num-integer",
 "num-traits",
]

[[package]]
name = "num-rational"
version = "0.4.0"
source = "registry+https://github.com/rust-lang/crates.io-index"
checksum = "d41702bd167c2df5520b384281bc111a4b5efcf7fbc4c9c222c815b07e0a6a6a"
dependencies = [
 "autocfg",
 "num-bigint",
 "num-integer",
 "num-traits",
]

[[package]]
name = "num-traits"
version = "0.2.14"
source = "registry+https://github.com/rust-lang/crates.io-index"
checksum = "9a64b1ec5cda2586e284722486d802acf1f7dbdc623e2bfc57e65ca1cd099290"
dependencies = [
 "autocfg",
]

[[package]]
name = "ppv-lite86"
version = "0.2.14"
source = "registry+https://github.com/rust-lang/crates.io-index"
checksum = "c3ca011bd0129ff4ae15cd04c4eef202cadf6c51c21e47aba319b4e0501db741"

[[package]]
name = "proc-macro-crate"
version = "1.1.0"
source = "registry+https://github.com/rust-lang/crates.io-index"
checksum = "1ebace6889caf889b4d3f76becee12e90353f2b8c7d875534a71e5742f8f6f83"
dependencies = [
 "thiserror",
 "toml",
]

[[package]]
name = "proc-macro2"
version = "1.0.30"
source = "registry+https://github.com/rust-lang/crates.io-index"
checksum = "edc3358ebc67bc8b7fa0c007f945b0b18226f78437d61bec735a9eb96b61ee70"
dependencies = [
 "unicode-xid",
]

[[package]]
name = "quote"
version = "1.0.10"
source = "registry+https://github.com/rust-lang/crates.io-index"
checksum = "38bc8cc6a5f2e3655e0899c1b848643b2562f853f114bfec7be120678e3ace05"
dependencies = [
 "proc-macro2",
]

[[package]]
name = "radium"
version = "0.6.2"
source = "registry+https://github.com/rust-lang/crates.io-index"
checksum = "643f8f41a8ebc4c5dc4515c82bb8abd397b527fc20fd681b7c011c2aee5d44fb"

[[package]]
name = "rand"
version = "0.8.4"
source = "registry+https://github.com/rust-lang/crates.io-index"
checksum = "2e7573632e6454cf6b99d7aac4ccca54be06da05aca2ef7423d22d27d4d4bcd8"
dependencies = [
 "libc",
 "rand_chacha",
 "rand_core",
 "rand_hc",
]

[[package]]
name = "rand_chacha"
version = "0.3.1"
source = "registry+https://github.com/rust-lang/crates.io-index"
checksum = "e6c10a63a0fa32252be49d21e7709d4d4baf8d231c2dbce1eaa8141b9b127d88"
dependencies = [
 "ppv-lite86",
 "rand_core",
]

[[package]]
name = "rand_core"
version = "0.6.3"
source = "registry+https://github.com/rust-lang/crates.io-index"
checksum = "d34f1408f55294453790c48b2f1ebbb1c5b4b7563eb1f418bcfcfdbb06ebb4e7"
dependencies = [
 "getrandom",
]

[[package]]
name = "rand_hc"
version = "0.3.1"
source = "registry+https://github.com/rust-lang/crates.io-index"
checksum = "d51e9f596de227fda2ea6c84607f5558e196eeaf43c986b724ba4fb8fdf497e7"
dependencies = [
 "rand_core",
]

[[package]]
name = "serde"
version = "1.0.130"
source = "registry+https://github.com/rust-lang/crates.io-index"
checksum = "f12d06de37cf59146fbdecab66aa99f9fe4f78722e3607577a5375d66bd0c913"

[[package]]
name = "strsim"
version = "0.10.0"
source = "registry+https://github.com/rust-lang/crates.io-index"
checksum = "73473c0e59e6d5812c5dfe2a064a6444949f089e20eec9a2e5506596494e4623"

[[package]]
name = "syn"
version = "1.0.80"
source = "registry+https://github.com/rust-lang/crates.io-index"
checksum = "d010a1623fbd906d51d650a9916aaefc05ffa0e4053ff7fe601167f3e715d194"
dependencies = [
 "proc-macro2",
 "quote",
 "unicode-xid",
]

[[package]]
name = "tap"
version = "1.0.1"
source = "registry+https://github.com/rust-lang/crates.io-index"
checksum = "55937e1799185b12863d447f42597ed69d9928686b8d88a1df17376a097d8369"

[[package]]
name = "thiserror"
version = "1.0.30"
source = "registry+https://github.com/rust-lang/crates.io-index"
checksum = "854babe52e4df1653706b98fcfc05843010039b406875930a70e4d9644e5c417"
dependencies = [
 "thiserror-impl",
]

[[package]]
name = "thiserror-impl"
version = "1.0.30"
source = "registry+https://github.com/rust-lang/crates.io-index"
checksum = "aa32fd3f627f367fe16f893e2597ae3c05020f8bba2666a4e6ea73d377e5714b"
dependencies = [
 "proc-macro2",
 "quote",
 "syn",
]

[[package]]
name = "toml"
version = "0.5.8"
source = "registry+https://github.com/rust-lang/crates.io-index"
checksum = "a31142970826733df8241ef35dc040ef98c679ab14d7c3e54d827099b3acecaa"
dependencies = [
 "serde",
]

[[package]]
name = "unicode-xid"
version = "0.2.2"
source = "registry+https://github.com/rust-lang/crates.io-index"
checksum = "8ccb82d61f80a663efe1f787a51b16b5a51e3314d6ac365b08639f52387b33f3"

[[package]]
name = "wasi"
version = "0.10.2+wasi-snapshot-preview1"
source = "registry+https://github.com/rust-lang/crates.io-index"
checksum = "fd6fbd9a79829dd1ad0cc20627bf1ed606756a7f77edff7b66b7064f9cb327c6"

[[package]]
name = "wyz"
version = "0.4.0"
source = "registry+https://github.com/rust-lang/crates.io-index"
checksum = "129e027ad65ce1453680623c3fb5163cbf7107bfe1aa32257e7d0e63f9ced188"
dependencies = [
 "tap",
]
