# This file is automatically @generated by Cargo.
# It is not intended for manual editing.
version = 3

[[package]]
name = "anyhow"
version = "1.0.81"
source = "registry+https://github.com/rust-lang/crates.io-index"
checksum = "0952808a6c2afd1aa8947271f3a60f1a6763c7b912d210184c5149b5cf147247"

[[package]]
name = "autocfg"
version = "1.0.1"
source = "registry+https://github.com/rust-lang/crates.io-index"
checksum = "cdb031dd78e28731d87d56cc8ffef4a8f36ca26c38fe2de700543e627f8a464a"

[[package]]
name = "bitvec"
version = "1.0.1"
source = "registry+https://github.com/rust-lang/crates.io-index"
checksum = "1bc2832c24239b0141d5674bb9174f9d68a8b5b3f2753311927c172ca46f7e9c"
dependencies = [
 "funty",
 "radium",
 "tap",
 "wyz",
]

[[package]]
name = "cfg-if"
version = "1.0.0"
source = "registry+https://github.com/rust-lang/crates.io-index"
checksum = "baf1de4339761588bc0619e3cbc0120ee582ebb74b53b4efbf79117bd2da40fd"

[[package]]
name = "darling"
version = "0.14.4"
source = "registry+https://github.com/rust-lang/crates.io-index"
checksum = "7b750cb3417fd1b327431a470f388520309479ab0bf5e323505daf0290cd3850"
dependencies = [
 "darling_core",
 "darling_macro",
]

[[package]]
name = "darling_core"
version = "0.14.4"
source = "registry+https://github.com/rust-lang/crates.io-index"
checksum = "109c1ca6e6b7f82cc233a97004ea8ed7ca123a9af07a8230878fcfda9b158bf0"
dependencies = [
 "fnv",
 "ident_case",
 "proc-macro2",
 "quote",
 "strsim",
 "syn",
]

[[package]]
name = "darling_macro"
version = "0.14.4"
source = "registry+https://github.com/rust-lang/crates.io-index"
checksum = "a4aab4dbc9f7611d8b55048a3a16d2d010c2c8334e46304b40ac1cc14bf3b48e"
dependencies = [
 "darling_core",
 "quote",
 "syn",
]

[[package]]
name = "deku"
version = "0.16.0"
source = "registry+https://github.com/rust-lang/crates.io-index"
checksum = "819b87cc7a05b3abe3fc38e59b3980a5fd3162f25a247116441a9171d3e84481"
dependencies = [
 "bitvec",
 "deku_derive",
]

[[package]]
name = "deku_derive"
version = "0.16.0"
source = "registry+https://github.com/rust-lang/crates.io-index"
checksum = "4e2ca12572239215a352a74ad7c776d7e8a914f8a23511c6cbedddd887e5009e"
dependencies = [
 "darling",
 "proc-macro-crate",
 "proc-macro2",
 "quote",
 "syn",
]

[[package]]
name = "either"
version = "1.6.1"
source = "registry+https://github.com/rust-lang/crates.io-index"
checksum = "e78d4f1cc4ae33bbfc157ed5d5a5ef3bc29227303d595861deb238fcec4e9457"

[[package]]
name = "equivalent"
version = "1.0.1"
source = "registry+https://github.com/rust-lang/crates.io-index"
checksum = "5443807d6dff69373d433ab9ef5378ad8df50ca6298caf15de6e52e24aaf54d5"

[[package]]
name = "fnv"
version = "1.0.7"
source = "registry+https://github.com/rust-lang/crates.io-index"
checksum = "3f9eec918d3f24069decb9af1554cad7c880e2da24a9afd88aca000531ab82c1"

[[package]]
name = "funty"
version = "2.0.0"
source = "registry+https://github.com/rust-lang/crates.io-index"
checksum = "e6d5a32815ae3f33302d95fdcb2ce17862f8c65363dcfd29360480ba1001fc9c"

[[package]]
name = "getrandom"
version = "0.2.3"
source = "registry+https://github.com/rust-lang/crates.io-index"
checksum = "7fcd999463524c52659517fe2cea98493cfe485d10565e7b0fb07dbba7ad2753"
dependencies = [
 "cfg-if",
 "libc",
 "wasi",
]

[[package]]
name = "hashbrown"
version = "0.14.1"
source = "registry+https://github.com/rust-lang/crates.io-index"
checksum = "7dfda62a12f55daeae5015f81b0baea145391cb4520f86c248fc615d72640d12"

[[package]]
name = "ident_case"
version = "1.0.1"
source = "registry+https://github.com/rust-lang/crates.io-index"
checksum = "b9e0384b61958566e926dc50660321d12159025e767c18e043daf26b70104c39"

[[package]]
name = "indexmap"
version = "2.0.2"
source = "registry+https://github.com/rust-lang/crates.io-index"
checksum = "8adf3ddd720272c6ea8bf59463c04e0f93d0bbf7c5439b691bca2987e0270897"
dependencies = [
 "equivalent",
 "hashbrown",
]

[[package]]
name = "itertools"
version = "0.12.1"
source = "registry+https://github.com/rust-lang/crates.io-index"
checksum = "ba291022dbbd398a455acf126c1e341954079855bc60dfdda641363bd6922569"
dependencies = [
 "either",
]

[[package]]
name = "libc"
version = "0.2.105"
source = "registry+https://github.com/rust-lang/crates.io-index"
checksum = "869d572136620d55835903746bcb5cdc54cb2851fd0aeec53220b4bb65ef3013"

[[package]]
name = "memchr"
version = "2.6.4"
source = "registry+https://github.com/rust-lang/crates.io-index"
checksum = "f665ee40bc4a3c5590afb1e9677db74a508659dfd71e126420da8274909a0167"

[[package]]
name = "multiformat"
version = "0.1.0"
dependencies = [
 "anyhow",
 "bitvec",
 "deku",
 "itertools",
 "num",
 "rand",
]

[[package]]
name = "num"
version = "0.4.1"
source = "registry+https://github.com/rust-lang/crates.io-index"
checksum = "b05180d69e3da0e530ba2a1dae5110317e49e3b7f3d41be227dc5f92e49ee7af"
dependencies = [
 "num-bigint",
 "num-complex",
 "num-integer",
 "num-iter",
 "num-rational",
 "num-traits",
]

[[package]]
name = "num-bigint"
version = "0.4.4"
source = "registry+https://github.com/rust-lang/crates.io-index"
checksum = "608e7659b5c3d7cba262d894801b9ec9d00de989e8a82bd4bef91d08da45cdc0"
dependencies = [
 "autocfg",
 "num-integer",
 "num-traits",
]

[[package]]
name = "num-complex"
version = "0.4.4"
source = "registry+https://github.com/rust-lang/crates.io-index"
checksum = "1ba157ca0885411de85d6ca030ba7e2a83a28636056c7c699b07c8b6f7383214"
dependencies = [
 "num-traits",
]

[[package]]
name = "num-integer"
version = "0.1.45"
source = "registry+https://github.com/rust-lang/crates.io-index"
checksum = "225d3389fb3509a24c93f5c29eb6bde2586b98d9f016636dff58d7c6f7569cd9"
dependencies = [
 "autocfg",
 "num-traits",
]

[[package]]
name = "num-iter"
version = "0.1.43"
source = "registry+https://github.com/rust-lang/crates.io-index"
checksum = "7d03e6c028c5dc5cac6e2dec0efda81fc887605bb3d884578bb6d6bf7514e252"
dependencies = [
 "autocfg",
 "num-integer",
 "num-traits",
]

[[package]]
name = "num-rational"
version = "0.4.1"
source = "registry+https://github.com/rust-lang/crates.io-index"
checksum = "0638a1c9d0a3c0914158145bc76cff373a75a627e6ecbfb71cbe6f453a5a19b0"
dependencies = [
 "autocfg",
 "num-bigint",
 "num-integer",
 "num-traits",
]

[[package]]
name = "num-traits"
version = "0.2.17"
source = "registry+https://github.com/rust-lang/crates.io-index"
checksum = "39e3200413f237f41ab11ad6d161bc7239c84dcb631773ccd7de3dfe4b5c267c"
dependencies = [
 "autocfg",
]

[[package]]
name = "once_cell"
version = "1.18.0"
source = "registry+https://github.com/rust-lang/crates.io-index"
checksum = "dd8b5dd2ae5ed71462c540258bedcb51965123ad7e7ccf4b9a8cafaa4a63576d"

[[package]]
name = "ppv-lite86"
version = "0.2.14"
source = "registry+https://github.com/rust-lang/crates.io-index"
checksum = "c3ca011bd0129ff4ae15cd04c4eef202cadf6c51c21e47aba319b4e0501db741"

[[package]]
name = "proc-macro-crate"
version = "1.3.1"
source = "registry+https://github.com/rust-lang/crates.io-index"
checksum = "7f4c021e1093a56626774e81216a4ce732a735e5bad4868a03f3ed65ca0c3919"
dependencies = [
 "once_cell",
 "toml_edit",
]

[[package]]
name = "proc-macro2"
version = "1.0.69"
source = "registry+https://github.com/rust-lang/crates.io-index"
checksum = "134c189feb4956b20f6f547d2cf727d4c0fe06722b20a0eec87ed445a97f92da"
dependencies = [
 "unicode-ident",
]

[[package]]
name = "quote"
version = "1.0.33"
source = "registry+https://github.com/rust-lang/crates.io-index"
checksum = "5267fca4496028628a95160fc423a33e8b2e6af8a5302579e322e4b520293cae"
dependencies = [
 "proc-macro2",
]

[[package]]
name = "radium"
version = "0.7.0"
source = "registry+https://github.com/rust-lang/crates.io-index"
checksum = "dc33ff2d4973d518d823d61aa239014831e521c75da58e3df4840d3f47749d09"

[[package]]
name = "rand"
version = "0.8.5"
source = "registry+https://github.com/rust-lang/crates.io-index"
checksum = "34af8d1a0e25924bc5b7c43c079c942339d8f0a8b57c39049bef581b46327404"
dependencies = [
 "libc",
 "rand_chacha",
 "rand_core",
]

[[package]]
name = "rand_chacha"
version = "0.3.1"
source = "registry+https://github.com/rust-lang/crates.io-index"
checksum = "e6c10a63a0fa32252be49d21e7709d4d4baf8d231c2dbce1eaa8141b9b127d88"
dependencies = [
 "ppv-lite86",
 "rand_core",
]

[[package]]
name = "rand_core"
version = "0.6.3"
source = "registry+https://github.com/rust-lang/crates.io-index"
checksum = "d34f1408f55294453790c48b2f1ebbb1c5b4b7563eb1f418bcfcfdbb06ebb4e7"
dependencies = [
 "getrandom",
]

[[package]]
name = "strsim"
version = "0.10.0"
source = "registry+https://github.com/rust-lang/crates.io-index"
checksum = "73473c0e59e6d5812c5dfe2a064a6444949f089e20eec9a2e5506596494e4623"

[[package]]
name = "syn"
version = "1.0.109"
source = "registry+https://github.com/rust-lang/crates.io-index"
checksum = "72b64191b275b66ffe2469e8af2c1cfe3bafa67b529ead792a6d0160888b4237"
dependencies = [
 "proc-macro2",
 "quote",
 "unicode-ident",
]

[[package]]
name = "tap"
version = "1.0.1"
source = "registry+https://github.com/rust-lang/crates.io-index"
checksum = "55937e1799185b12863d447f42597ed69d9928686b8d88a1df17376a097d8369"

[[package]]
name = "toml_datetime"
version = "0.6.3"
source = "registry+https://github.com/rust-lang/crates.io-index"
checksum = "7cda73e2f1397b1262d6dfdcef8aafae14d1de7748d66822d3bfeeb6d03e5e4b"

[[package]]
name = "toml_edit"
version = "0.19.15"
source = "registry+https://github.com/rust-lang/crates.io-index"
checksum = "1b5bb770da30e5cbfde35a2d7b9b8a2c4b8ef89548a7a6aeab5c9a576e3e7421"
dependencies = [
 "indexmap",
 "toml_datetime",
 "winnow",
]

[[package]]
name = "unicode-ident"
version = "1.0.12"
source = "registry+https://github.com/rust-lang/crates.io-index"
checksum = "3354b9ac3fae1ff6755cb6db53683adb661634f67557942dea4facebec0fee4b"

[[package]]
name = "wasi"
version = "0.10.2+wasi-snapshot-preview1"
source = "registry+https://github.com/rust-lang/crates.io-index"
checksum = "fd6fbd9a79829dd1ad0cc20627bf1ed606756a7f77edff7b66b7064f9cb327c6"

[[package]]
name = "winnow"
version = "0.5.17"
source = "registry+https://github.com/rust-lang/crates.io-index"
checksum = "a3b801d0e0a6726477cc207f60162da452f3a95adb368399bef20a946e06f65c"
dependencies = [
 "memchr",
]

[[package]]
name = "wyz"
version = "0.5.1"
source = "registry+https://github.com/rust-lang/crates.io-index"
checksum = "05f360fc0b24296329c78fda852a1e9ae82de9cf7b27dae4b7f62f118f77b9ed"
dependencies = [
 "tap",
]
